
Microsoft Visual Studio Solution File, Format Version 12.00
# Visual Studio Version 16
VisualStudioVersion = 16.0.30907.101
MinimumVisualStudioVersion = 15.0.26124.0
Project("{6EC3EE1D-3C4E-46DD-8F32-0CC8E7565705}") = "Boba.Core", "Boba.Core\Boba.Core.fsproj", "{B7966108-72A5-4C0A-9324-32A282589599}"
EndProject
Project("{F2A71F9B-5D33-465A-A702-920D77279786}") = "Boba.Core.Test", "Boba.Core.Test\Boba.Core.Test.fsproj", "{F05B7E00-7D07-4783-809F-B2E77B3A1991}"
EndProject
Global
	GlobalSection(SolutionConfigurationPlatforms) = preSolution
		Debug|Any CPU = Debug|Any CPU
		Debug|x64 = Debug|x64
		Debug|x86 = Debug|x86
		Release|Any CPU = Release|Any CPU
		Release|x64 = Release|x64
		Release|x86 = Release|x86
	EndGlobalSection
	GlobalSection(ProjectConfigurationPlatforms) = postSolution
		{B7966108-72A5-4C0A-9324-32A282589599}.Debug|Any CPU.ActiveCfg = Debug|Any CPU
		{B7966108-72A5-4C0A-9324-32A282589599}.Debug|Any CPU.Build.0 = Debug|Any CPU
		{B7966108-72A5-4C0A-9324-32A282589599}.Debug|x64.ActiveCfg = Debug|Any CPU
		{B7966108-72A5-4C0A-9324-32A282589599}.Debug|x64.Build.0 = Debug|Any CPU
		{B7966108-72A5-4C0A-9324-32A282589599}.Debug|x86.ActiveCfg = Debug|Any CPU
		{B7966108-72A5-4C0A-9324-32A282589599}.Debug|x86.Build.0 = Debug|Any CPU
		{B7966108-72A5-4C0A-9324-32A282589599}.Release|Any CPU.ActiveCfg = Release|Any CPU
		{B7966108-72A5-4C0A-9324-32A282589599}.Release|Any CPU.Build.0 = Release|Any CPU
		{B7966108-72A5-4C0A-9324-32A282589599}.Release|x64.ActiveCfg = Release|Any CPU
		{B7966108-72A5-4C0A-9324-32A282589599}.Release|x64.Build.0 = Release|Any CPU
		{B7966108-72A5-4C0A-9324-32A282589599}.Release|x86.ActiveCfg = Release|Any CPU
		{B7966108-72A5-4C0A-9324-32A282589599}.Release|x86.Build.0 = Release|Any CPU
		{F05B7E00-7D07-4783-809F-B2E77B3A1991}.Debug|Any CPU.ActiveCfg = Debug|Any CPU
		{F05B7E00-7D07-4783-809F-B2E77B3A1991}.Debug|Any CPU.Build.0 = Debug|Any CPU
		{F05B7E00-7D07-4783-809F-B2E77B3A1991}.Debug|x64.ActiveCfg = Debug|Any CPU
		{F05B7E00-7D07-4783-809F-B2E77B3A1991}.Debug|x64.Build.0 = Debug|Any CPU
		{F05B7E00-7D07-4783-809F-B2E77B3A1991}.Debug|x86.ActiveCfg = Debug|Any CPU
		{F05B7E00-7D07-4783-809F-B2E77B3A1991}.Debug|x86.Build.0 = Debug|Any CPU
		{F05B7E00-7D07-4783-809F-B2E77B3A1991}.Release|Any CPU.ActiveCfg = Release|Any CPU
		{F05B7E00-7D07-4783-809F-B2E77B3A1991}.Release|Any CPU.Build.0 = Release|Any CPU
		{F05B7E00-7D07-4783-809F-B2E77B3A1991}.Release|x64.ActiveCfg = Release|Any CPU
		{F05B7E00-7D07-4783-809F-B2E77B3A1991}.Release|x64.Build.0 = Release|Any CPU
		{F05B7E00-7D07-4783-809F-B2E77B3A1991}.Release|x86.ActiveCfg = Release|Any CPU
		{F05B7E00-7D07-4783-809F-B2E77B3A1991}.Release|x86.Build.0 = Release|Any CPU
	EndGlobalSection
	GlobalSection(SolutionProperties) = preSolution
		HideSolutionNode = FALSE
	EndGlobalSection
	GlobalSection(ExtensibilityGlobals) = postSolution
		SolutionGuid = {98BF313F-03C5-4D5D-8213-3512D20CE1F8}
	EndGlobalSection
EndGlobal
