
Microsoft Visual Studio Solution File, Format Version 12.00
# Visual Studio 15
VisualStudioVersion = 15.0.26124.0
MinimumVisualStudioVersion = 15.0.26124.0
Project("{F2A71F9B-5D33-465A-A702-920D77279786}") = "Boba.Core", "Boba.Core\Boba.Core.fsproj", "{B7966108-72A5-4C0A-9324-32A282589599}"
EndProject
Project("{F2A71F9B-5D33-465A-A702-920D77279786}") = "Boba.Core.Test", "Boba.Core.Test\Boba.Core.Test.fsproj", "{8BF673C1-B14A-47D8-A0BC-8EA2EDF037F0}"
EndProject
Global
	GlobalSection(SolutionConfigurationPlatforms) = preSolution
		Debug|Any CPU = Debug|Any CPU
		Debug|x64 = Debug|x64
		Debug|x86 = Debug|x86
		Release|Any CPU = Release|Any CPU
		Release|x64 = Release|x64
		Release|x86 = Release|x86
	EndGlobalSection
	GlobalSection(SolutionProperties) = preSolution
		HideSolutionNode = FALSE
	EndGlobalSection
	GlobalSection(ProjectConfigurationPlatforms) = postSolution
		{B7966108-72A5-4C0A-9324-32A282589599}.Debug|Any CPU.ActiveCfg = Debug|Any CPU
		{B7966108-72A5-4C0A-9324-32A282589599}.Debug|Any CPU.Build.0 = Debug|Any CPU
		{B7966108-72A5-4C0A-9324-32A282589599}.Debug|x64.ActiveCfg = Debug|Any CPU
		{B7966108-72A5-4C0A-9324-32A282589599}.Debug|x64.Build.0 = Debug|Any CPU
		{B7966108-72A5-4C0A-9324-32A282589599}.Debug|x86.ActiveCfg = Debug|Any CPU
		{B7966108-72A5-4C0A-9324-32A282589599}.Debug|x86.Build.0 = Debug|Any CPU
		{B7966108-72A5-4C0A-9324-32A282589599}.Release|Any CPU.ActiveCfg = Release|Any CPU
		{B7966108-72A5-4C0A-9324-32A282589599}.Release|Any CPU.Build.0 = Release|Any CPU
		{B7966108-72A5-4C0A-9324-32A282589599}.Release|x64.ActiveCfg = Release|Any CPU
		{B7966108-72A5-4C0A-9324-32A282589599}.Release|x64.Build.0 = Release|Any CPU
		{B7966108-72A5-4C0A-9324-32A282589599}.Release|x86.ActiveCfg = Release|Any CPU
		{B7966108-72A5-4C0A-9324-32A282589599}.Release|x86.Build.0 = Release|Any CPU
		{8BF673C1-B14A-47D8-A0BC-8EA2EDF037F0}.Debug|Any CPU.ActiveCfg = Debug|Any CPU
		{8BF673C1-B14A-47D8-A0BC-8EA2EDF037F0}.Debug|Any CPU.Build.0 = Debug|Any CPU
		{8BF673C1-B14A-47D8-A0BC-8EA2EDF037F0}.Debug|x64.ActiveCfg = Debug|Any CPU
		{8BF673C1-B14A-47D8-A0BC-8EA2EDF037F0}.Debug|x64.Build.0 = Debug|Any CPU
		{8BF673C1-B14A-47D8-A0BC-8EA2EDF037F0}.Debug|x86.ActiveCfg = Debug|Any CPU
		{8BF673C1-B14A-47D8-A0BC-8EA2EDF037F0}.Debug|x86.Build.0 = Debug|Any CPU
		{8BF673C1-B14A-47D8-A0BC-8EA2EDF037F0}.Release|Any CPU.ActiveCfg = Release|Any CPU
		{8BF673C1-B14A-47D8-A0BC-8EA2EDF037F0}.Release|Any CPU.Build.0 = Release|Any CPU
		{8BF673C1-B14A-47D8-A0BC-8EA2EDF037F0}.Release|x64.ActiveCfg = Release|Any CPU
		{8BF673C1-B14A-47D8-A0BC-8EA2EDF037F0}.Release|x64.Build.0 = Release|Any CPU
		{8BF673C1-B14A-47D8-A0BC-8EA2EDF037F0}.Release|x86.ActiveCfg = Release|Any CPU
		{8BF673C1-B14A-47D8-A0BC-8EA2EDF037F0}.Release|x86.Build.0 = Release|Any CPU
	EndGlobalSection
EndGlobal
